
Microsoft Visual Studio Solution File, Format Version 12.00
# Visual Studio 14
VisualStudioVersion = 14.0.25420.1
MinimumVisualStudioVersion = 10.0.40219.1
Project("{8BC9CEB8-8B4A-11D0-8D11-00A0C91BC942}") = "SerialBridge", "SerialBridge\SerialBridge.vcxproj", "{76B48F1F-7035-414E-9E10-5653A61BA345}"
EndProject
Project("{8BC9CEB8-8B4A-11D0-8D11-00A0C91BC942}") = "Sensor", "Sensor\Sensor.vcxproj", "{C5F80730-F44F-4478-BDAE-6634EFC2CA88}"
EndProject
Project("{8BC9CEB8-8B4A-11D0-8D11-00A0C91BC942}") = "LightDimmer", "LightDimmer\LightDimmer.vcxproj", "{7367C4F9-D5A3-4961-840C-65DFE6DA3EBB}"
EndProject
Project("{8BC9CEB8-8B4A-11D0-8D11-00A0C91BC942}") = "InputSensor", "InputSensor\InputSensor.vcxproj", "{6CB6000F-2823-47E4-98F7-B907463E76B5}"
EndProject
Project("{8BC9CEB8-8B4A-11D0-8D11-00A0C91BC942}") = "IrBridge", "IrBridge\IrBridge.vcxproj", "{8B8A02C6-25F9-4E18-A392-DCA79E8A7FAD}"
EndProject
Global
	GlobalSection(SolutionConfigurationPlatforms) = preSolution
		Debug|x86 = Debug|x86
		Release|x86 = Release|x86
	EndGlobalSection
	GlobalSection(ProjectConfigurationPlatforms) = postSolution
		{76B48F1F-7035-414E-9E10-5653A61BA345}.Debug|x86.ActiveCfg = Debug|Win32
		{76B48F1F-7035-414E-9E10-5653A61BA345}.Debug|x86.Build.0 = Debug|Win32
		{76B48F1F-7035-414E-9E10-5653A61BA345}.Release|x86.ActiveCfg = Release|Win32
		{76B48F1F-7035-414E-9E10-5653A61BA345}.Release|x86.Build.0 = Release|Win32
		{C5F80730-F44F-4478-BDAE-6634EFC2CA88}.Debug|x86.ActiveCfg = Debug|Win32
		{C5F80730-F44F-4478-BDAE-6634EFC2CA88}.Debug|x86.Build.0 = Debug|Win32
		{C5F80730-F44F-4478-BDAE-6634EFC2CA88}.Release|x86.ActiveCfg = Release|Win32
		{C5F80730-F44F-4478-BDAE-6634EFC2CA88}.Release|x86.Build.0 = Release|Win32
		{7367C4F9-D5A3-4961-840C-65DFE6DA3EBB}.Debug|x86.ActiveCfg = Debug|Win32
		{7367C4F9-D5A3-4961-840C-65DFE6DA3EBB}.Debug|x86.Build.0 = Debug|Win32
		{7367C4F9-D5A3-4961-840C-65DFE6DA3EBB}.Release|x86.ActiveCfg = Release|Win32
		{7367C4F9-D5A3-4961-840C-65DFE6DA3EBB}.Release|x86.Build.0 = Release|Win32
		{6CB6000F-2823-47E4-98F7-B907463E76B5}.Debug|x86.ActiveCfg = Debug|Win32
		{6CB6000F-2823-47E4-98F7-B907463E76B5}.Debug|x86.Build.0 = Debug|Win32
		{6CB6000F-2823-47E4-98F7-B907463E76B5}.Release|x86.ActiveCfg = Release|Win32
		{6CB6000F-2823-47E4-98F7-B907463E76B5}.Release|x86.Build.0 = Release|Win32
		{8B8A02C6-25F9-4E18-A392-DCA79E8A7FAD}.Debug|x86.ActiveCfg = Debug|Win32
		{8B8A02C6-25F9-4E18-A392-DCA79E8A7FAD}.Debug|x86.Build.0 = Debug|Win32
		{8B8A02C6-25F9-4E18-A392-DCA79E8A7FAD}.Release|x86.ActiveCfg = Release|Win32
		{8B8A02C6-25F9-4E18-A392-DCA79E8A7FAD}.Release|x86.Build.0 = Release|Win32
	EndGlobalSection
	GlobalSection(SolutionProperties) = preSolution
		HideSolutionNode = FALSE
	EndGlobalSection
EndGlobal
