<?xml version="1.0" encoding="utf-8"?>
<Project ToolsVersion="4.0" xmlns="http://schemas.microsoft.com/developer/msbuild/2003">
  <ItemGroup>
    <ClInclude Include="__vm\.InputSensor.vsarduino.h" />
    <ClInclude Include="MAX44009.h" />
  </ItemGroup>
  <ItemGroup>
    <None Include="InputSensor.ino" />
  </ItemGroup>
  <ItemGroup>
    <Filter Include="Source Files">
      <UniqueIdentifier>{eca3b583-dddb-4af8-9012-e2b207364f55}</UniqueIdentifier>
    </Filter>
    <Filter Include="Header Files">
      <UniqueIdentifier>{4b926797-b69d-41a1-87bf-4187dd10f50c}</UniqueIdentifier>
    </Filter>
  </ItemGroup>
  <ItemGroup>
    <ClCompile Include="MAX44009.cpp" />
  </ItemGroup>
</Project>